
Microsoft Visual Studio Solution File, Format Version 12.00
# Visual Studio Version 17
VisualStudioVersion = 17.4.33110.190
MinimumVisualStudioVersion = 10.0.40219.1
Project("{FAE04EC0-301F-11D3-BF4B-00C04F79EFBC}") = "Assignment2", "Assignment2.csproj", "{FBFE6540-E354-440E-9A83-FA1D3F9AB270}"
EndProject
Global
	GlobalSection(SolutionConfigurationPlatforms) = preSolution
		Debug|Any CPU = Debug|Any CPU
		Release|Any CPU = Release|Any CPU
	EndGlobalSection
	GlobalSection(ProjectConfigurationPlatforms) = postSolution
		{FBFE6540-E354-440E-9A83-FA1D3F9AB270}.Debug|Any CPU.ActiveCfg = Debug|Any CPU
		{FBFE6540-E354-440E-9A83-FA1D3F9AB270}.Debug|Any CPU.Build.0 = Debug|Any CPU
		{FBFE6540-E354-440E-9A83-FA1D3F9AB270}.Release|Any CPU.ActiveCfg = Release|Any CPU
		{FBFE6540-E354-440E-9A83-FA1D3F9AB270}.Release|Any CPU.Build.0 = Release|Any CPU
	EndGlobalSection
	GlobalSection(SolutionProperties) = preSolution
		HideSolutionNode = FALSE
	EndGlobalSection
	GlobalSection(ExtensibilityGlobals) = postSolution
		SolutionGuid = {3CF6737D-05C1-4303-9025-DA8AAF49C1B4}
	EndGlobalSection
EndGlobal
